
Microsoft Visual Studio Solution File, Format Version 12.00
# Visual Studio 14
VisualStudioVersion = 14.0.25420.1
MinimumVisualStudioVersion = 10.0.40219.1
Project("{FAE04EC0-301F-11D3-BF4B-00C04F79EFBC}") = "test0628_try", "test0628_try\test0628_try.csproj", "{E945A8A8-9F97-4128-A23C-A2EE97D10111}"
EndProject
Global
	GlobalSection(SolutionConfigurationPlatforms) = preSolution
		Debug|Any CPU = Debug|Any CPU
		Release|Any CPU = Release|Any CPU
	EndGlobalSection
	GlobalSection(ProjectConfigurationPlatforms) = postSolution
		{E945A8A8-9F97-4128-A23C-A2EE97D10111}.Debug|Any CPU.ActiveCfg = Debug|Any CPU
		{E945A8A8-9F97-4128-A23C-A2EE97D10111}.Debug|Any CPU.Build.0 = Debug|Any CPU
		{E945A8A8-9F97-4128-A23C-A2EE97D10111}.Release|Any CPU.ActiveCfg = Release|Any CPU
		{E945A8A8-9F97-4128-A23C-A2EE97D10111}.Release|Any CPU.Build.0 = Release|Any CPU
	EndGlobalSection
	GlobalSection(SolutionProperties) = preSolution
		HideSolutionNode = FALSE
	EndGlobalSection
EndGlobal
